
Microsoft Visual Studio Solution File, Format Version 12.00
# Visual Studio Version 17
VisualStudioVersion = 17.0.31912.275
MinimumVisualStudioVersion = 10.0.40219.1
Project("{9A19103F-16F7-4668-BE54-9A1E7A4F7556}") = "MuJoCoSharp", "MuJoCoSharp\MuJoCoSharp.csproj", "{9639297A-7A2F-4C54-BD97-A63EEBB3F47F}"
EndProject
Project("{9A19103F-16F7-4668-BE54-9A1E7A4F7556}") = "BindingGenerator", "src\BindingGenerator\BindingGenerator.csproj", "{57BAC155-2B1B-4A17-9508-4344FAC09F9B}"
EndProject
Project("{9A19103F-16F7-4668-BE54-9A1E7A4F7556}") = "HelloWorld", "samples\HelloWorld\HelloWorld\HelloWorld.csproj", "{D3B6458C-533D-41DD-8F93-6EF2FA10FBF1}"
EndProject
Global
	GlobalSection(SolutionConfigurationPlatforms) = preSolution
		Debug|Any CPU = Debug|Any CPU
		Release|Any CPU = Release|Any CPU
	EndGlobalSection
	GlobalSection(ProjectConfigurationPlatforms) = postSolution
		{9639297A-7A2F-4C54-BD97-A63EEBB3F47F}.Debug|Any CPU.ActiveCfg = Debug|Any CPU
		{9639297A-7A2F-4C54-BD97-A63EEBB3F47F}.Debug|Any CPU.Build.0 = Debug|Any CPU
		{9639297A-7A2F-4C54-BD97-A63EEBB3F47F}.Release|Any CPU.ActiveCfg = Release|Any CPU
		{9639297A-7A2F-4C54-BD97-A63EEBB3F47F}.Release|Any CPU.Build.0 = Release|Any CPU
		{57BAC155-2B1B-4A17-9508-4344FAC09F9B}.Debug|Any CPU.ActiveCfg = Debug|Any CPU
		{57BAC155-2B1B-4A17-9508-4344FAC09F9B}.Debug|Any CPU.Build.0 = Debug|Any CPU
		{57BAC155-2B1B-4A17-9508-4344FAC09F9B}.Release|Any CPU.ActiveCfg = Release|Any CPU
		{57BAC155-2B1B-4A17-9508-4344FAC09F9B}.Release|Any CPU.Build.0 = Release|Any CPU
		{D3B6458C-533D-41DD-8F93-6EF2FA10FBF1}.Debug|Any CPU.ActiveCfg = Debug|Any CPU
		{D3B6458C-533D-41DD-8F93-6EF2FA10FBF1}.Debug|Any CPU.Build.0 = Debug|Any CPU
		{D3B6458C-533D-41DD-8F93-6EF2FA10FBF1}.Release|Any CPU.ActiveCfg = Release|Any CPU
		{D3B6458C-533D-41DD-8F93-6EF2FA10FBF1}.Release|Any CPU.Build.0 = Release|Any CPU
	EndGlobalSection
	GlobalSection(SolutionProperties) = preSolution
		HideSolutionNode = FALSE
	EndGlobalSection
	GlobalSection(ExtensibilityGlobals) = postSolution
		SolutionGuid = {E5655392-CF79-4192-8B89-154EDF3B9E4F}
	EndGlobalSection
EndGlobal
